
Microsoft Visual Studio Solution File, Format Version 12.00
# Visual Studio Version 17
VisualStudioVersion = 17.0.31903.59
MinimumVisualStudioVersion = 10.0.40219.1
Project("{2150E333-8FDC-42A3-9474-1A3956D46DE8}") = "src", "src", "{DDEBB0F7-D7A5-4782-8867-10BE54DE165B}"
EndProject
Project("{FAE04EC0-301F-11D3-BF4B-00C04F79EFBC}") = "Tarefas.Web2", "src\Tarefas.Web2\Tarefas.Web2.csproj", "{7C8D5BCD-1320-48CB-86B0-15636008518B}"
EndProject
Global
	GlobalSection(SolutionConfigurationPlatforms) = preSolution
		Debug|Any CPU = Debug|Any CPU
		Release|Any CPU = Release|Any CPU
	EndGlobalSection
	GlobalSection(SolutionProperties) = preSolution
		HideSolutionNode = FALSE
	EndGlobalSection
	GlobalSection(ProjectConfigurationPlatforms) = postSolution
		{7C8D5BCD-1320-48CB-86B0-15636008518B}.Debug|Any CPU.ActiveCfg = Debug|Any CPU
		{7C8D5BCD-1320-48CB-86B0-15636008518B}.Debug|Any CPU.Build.0 = Debug|Any CPU
		{7C8D5BCD-1320-48CB-86B0-15636008518B}.Release|Any CPU.ActiveCfg = Release|Any CPU
		{7C8D5BCD-1320-48CB-86B0-15636008518B}.Release|Any CPU.Build.0 = Release|Any CPU
	EndGlobalSection
	GlobalSection(NestedProjects) = preSolution
		{7C8D5BCD-1320-48CB-86B0-15636008518B} = {DDEBB0F7-D7A5-4782-8867-10BE54DE165B}
	EndGlobalSection
EndGlobal
